
Microsoft Visual Studio Solution File, Format Version 12.00
# Visual Studio 15
VisualStudioVersion = 15.0.28010.2026
MinimumVisualStudioVersion = 10.0.40219.1
Project("{FAE04EC0-301F-11D3-BF4B-00C04F79EFBC}") = "XFFloatingButton.Android", "XFFloatingButton\XFFloatingButton.Android\XFFloatingButton.Android.csproj", "{8BFB5F7C-A3AE-4E1E-AED3-339EDE892EA3}"
EndProject
Project("{FAE04EC0-301F-11D3-BF4B-00C04F79EFBC}") = "XFFloatingButton.iOS", "XFFloatingButton\XFFloatingButton.iOS\XFFloatingButton.iOS.csproj", "{EFCDD96C-0CDA-47F8-94B9-8A862DE131EA}"
EndProject
Project("{FAE04EC0-301F-11D3-BF4B-00C04F79EFBC}") = "XFFloatingButton", "XFFloatingButton\XFFloatingButton\XFFloatingButton.csproj", "{762C0BB2-E0BF-42C8-B312-9C078461FF6F}"
EndProject
Global
	GlobalSection(SolutionConfigurationPlatforms) = preSolution
		Ad-Hoc|Any CPU = Ad-Hoc|Any CPU
		Ad-Hoc|iPhone = Ad-Hoc|iPhone
		Ad-Hoc|iPhoneSimulator = Ad-Hoc|iPhoneSimulator
		AppStore|Any CPU = AppStore|Any CPU
		AppStore|iPhone = AppStore|iPhone
		AppStore|iPhoneSimulator = AppStore|iPhoneSimulator
		Debug|Any CPU = Debug|Any CPU
		Debug|iPhone = Debug|iPhone
		Debug|iPhoneSimulator = Debug|iPhoneSimulator
		Release|Any CPU = Release|Any CPU
		Release|iPhone = Release|iPhone
		Release|iPhoneSimulator = Release|iPhoneSimulator
	EndGlobalSection
	GlobalSection(ProjectConfigurationPlatforms) = postSolution
		{8BFB5F7C-A3AE-4E1E-AED3-339EDE892EA3}.Ad-Hoc|Any CPU.ActiveCfg = Release|Any CPU
		{8BFB5F7C-A3AE-4E1E-AED3-339EDE892EA3}.Ad-Hoc|Any CPU.Build.0 = Release|Any CPU
		{8BFB5F7C-A3AE-4E1E-AED3-339EDE892EA3}.Ad-Hoc|Any CPU.Deploy.0 = Release|Any CPU
		{8BFB5F7C-A3AE-4E1E-AED3-339EDE892EA3}.Ad-Hoc|iPhone.ActiveCfg = Release|Any CPU
		{8BFB5F7C-A3AE-4E1E-AED3-339EDE892EA3}.Ad-Hoc|iPhone.Build.0 = Release|Any CPU
		{8BFB5F7C-A3AE-4E1E-AED3-339EDE892EA3}.Ad-Hoc|iPhone.Deploy.0 = Release|Any CPU
		{8BFB5F7C-A3AE-4E1E-AED3-339EDE892EA3}.Ad-Hoc|iPhoneSimulator.ActiveCfg = Release|Any CPU
		{8BFB5F7C-A3AE-4E1E-AED3-339EDE892EA3}.Ad-Hoc|iPhoneSimulator.Build.0 = Release|Any CPU
		{8BFB5F7C-A3AE-4E1E-AED3-339EDE892EA3}.Ad-Hoc|iPhoneSimulator.Deploy.0 = Release|Any CPU
		{8BFB5F7C-A3AE-4E1E-AED3-339EDE892EA3}.AppStore|Any CPU.ActiveCfg = Release|Any CPU
		{8BFB5F7C-A3AE-4E1E-AED3-339EDE892EA3}.AppStore|Any CPU.Build.0 = Release|Any CPU
		{8BFB5F7C-A3AE-4E1E-AED3-339EDE892EA3}.AppStore|Any CPU.Deploy.0 = Release|Any CPU
		{8BFB5F7C-A3AE-4E1E-AED3-339EDE892EA3}.AppStore|iPhone.ActiveCfg = Release|Any CPU
		{8BFB5F7C-A3AE-4E1E-AED3-339EDE892EA3}.AppStore|iPhone.Build.0 = Release|Any CPU
		{8BFB5F7C-A3AE-4E1E-AED3-339EDE892EA3}.AppStore|iPhone.Deploy.0 = Release|Any CPU
		{8BFB5F7C-A3AE-4E1E-AED3-339EDE892EA3}.AppStore|iPhoneSimulator.ActiveCfg = Release|Any CPU
		{8BFB5F7C-A3AE-4E1E-AED3-339EDE892EA3}.AppStore|iPhoneSimulator.Build.0 = Release|Any CPU
		{8BFB5F7C-A3AE-4E1E-AED3-339EDE892EA3}.AppStore|iPhoneSimulator.Deploy.0 = Release|Any CPU
		{8BFB5F7C-A3AE-4E1E-AED3-339EDE892EA3}.Debug|Any CPU.ActiveCfg = Debug|Any CPU
		{8BFB5F7C-A3AE-4E1E-AED3-339EDE892EA3}.Debug|Any CPU.Build.0 = Debug|Any CPU
		{8BFB5F7C-A3AE-4E1E-AED3-339EDE892EA3}.Debug|Any CPU.Deploy.0 = Debug|Any CPU
		{8BFB5F7C-A3AE-4E1E-AED3-339EDE892EA3}.Debug|iPhone.ActiveCfg = Debug|Any CPU
		{8BFB5F7C-A3AE-4E1E-AED3-339EDE892EA3}.Debug|iPhone.Build.0 = Debug|Any CPU
		{8BFB5F7C-A3AE-4E1E-AED3-339EDE892EA3}.Debug|iPhone.Deploy.0 = Debug|Any CPU
		{8BFB5F7C-A3AE-4E1E-AED3-339EDE892EA3}.Debug|iPhoneSimulator.ActiveCfg = Debug|Any CPU
		{8BFB5F7C-A3AE-4E1E-AED3-339EDE892EA3}.Debug|iPhoneSimulator.Build.0 = Debug|Any CPU
		{8BFB5F7C-A3AE-4E1E-AED3-339EDE892EA3}.Debug|iPhoneSimulator.Deploy.0 = Debug|Any CPU
		{8BFB5F7C-A3AE-4E1E-AED3-339EDE892EA3}.Release|Any CPU.ActiveCfg = Release|Any CPU
		{8BFB5F7C-A3AE-4E1E-AED3-339EDE892EA3}.Release|Any CPU.Build.0 = Release|Any CPU
		{8BFB5F7C-A3AE-4E1E-AED3-339EDE892EA3}.Release|Any CPU.Deploy.0 = Release|Any CPU
		{8BFB5F7C-A3AE-4E1E-AED3-339EDE892EA3}.Release|iPhone.ActiveCfg = Release|Any CPU
		{8BFB5F7C-A3AE-4E1E-AED3-339EDE892EA3}.Release|iPhone.Build.0 = Release|Any CPU
		{8BFB5F7C-A3AE-4E1E-AED3-339EDE892EA3}.Release|iPhone.Deploy.0 = Release|Any CPU
		{8BFB5F7C-A3AE-4E1E-AED3-339EDE892EA3}.Release|iPhoneSimulator.ActiveCfg = Release|Any CPU
		{8BFB5F7C-A3AE-4E1E-AED3-339EDE892EA3}.Release|iPhoneSimulator.Build.0 = Release|Any CPU
		{8BFB5F7C-A3AE-4E1E-AED3-339EDE892EA3}.Release|iPhoneSimulator.Deploy.0 = Release|Any CPU
		{EFCDD96C-0CDA-47F8-94B9-8A862DE131EA}.Ad-Hoc|Any CPU.ActiveCfg = Ad-Hoc|iPhone
		{EFCDD96C-0CDA-47F8-94B9-8A862DE131EA}.Ad-Hoc|Any CPU.Build.0 = Ad-Hoc|iPhone
		{EFCDD96C-0CDA-47F8-94B9-8A862DE131EA}.Ad-Hoc|Any CPU.Deploy.0 = Ad-Hoc|iPhone
		{EFCDD96C-0CDA-47F8-94B9-8A862DE131EA}.Ad-Hoc|iPhone.ActiveCfg = Ad-Hoc|iPhone
		{EFCDD96C-0CDA-47F8-94B9-8A862DE131EA}.Ad-Hoc|iPhone.Build.0 = Ad-Hoc|iPhone
		{EFCDD96C-0CDA-47F8-94B9-8A862DE131EA}.Ad-Hoc|iPhone.Deploy.0 = Ad-Hoc|iPhone
		{EFCDD96C-0CDA-47F8-94B9-8A862DE131EA}.Ad-Hoc|iPhoneSimulator.ActiveCfg = Ad-Hoc|iPhoneSimulator
		{EFCDD96C-0CDA-47F8-94B9-8A862DE131EA}.Ad-Hoc|iPhoneSimulator.Build.0 = Ad-Hoc|iPhoneSimulator
		{EFCDD96C-0CDA-47F8-94B9-8A862DE131EA}.Ad-Hoc|iPhoneSimulator.Deploy.0 = Ad-Hoc|iPhoneSimulator
		{EFCDD96C-0CDA-47F8-94B9-8A862DE131EA}.AppStore|Any CPU.ActiveCfg = AppStore|iPhone
		{EFCDD96C-0CDA-47F8-94B9-8A862DE131EA}.AppStore|Any CPU.Build.0 = AppStore|iPhone
		{EFCDD96C-0CDA-47F8-94B9-8A862DE131EA}.AppStore|Any CPU.Deploy.0 = AppStore|iPhone
		{EFCDD96C-0CDA-47F8-94B9-8A862DE131EA}.AppStore|iPhone.ActiveCfg = AppStore|iPhone
		{EFCDD96C-0CDA-47F8-94B9-8A862DE131EA}.AppStore|iPhone.Build.0 = AppStore|iPhone
		{EFCDD96C-0CDA-47F8-94B9-8A862DE131EA}.AppStore|iPhone.Deploy.0 = AppStore|iPhone
		{EFCDD96C-0CDA-47F8-94B9-8A862DE131EA}.AppStore|iPhoneSimulator.ActiveCfg = AppStore|iPhoneSimulator
		{EFCDD96C-0CDA-47F8-94B9-8A862DE131EA}.AppStore|iPhoneSimulator.Build.0 = AppStore|iPhoneSimulator
		{EFCDD96C-0CDA-47F8-94B9-8A862DE131EA}.AppStore|iPhoneSimulator.Deploy.0 = AppStore|iPhoneSimulator
		{EFCDD96C-0CDA-47F8-94B9-8A862DE131EA}.Debug|Any CPU.ActiveCfg = Debug|iPhoneSimulator
		{EFCDD96C-0CDA-47F8-94B9-8A862DE131EA}.Debug|Any CPU.Build.0 = Debug|iPhoneSimulator
		{EFCDD96C-0CDA-47F8-94B9-8A862DE131EA}.Debug|Any CPU.Deploy.0 = Debug|iPhoneSimulator
		{EFCDD96C-0CDA-47F8-94B9-8A862DE131EA}.Debug|iPhone.ActiveCfg = Debug|iPhone
		{EFCDD96C-0CDA-47F8-94B9-8A862DE131EA}.Debug|iPhone.Build.0 = Debug|iPhone
		{EFCDD96C-0CDA-47F8-94B9-8A862DE131EA}.Debug|iPhone.Deploy.0 = Debug|iPhone
		{EFCDD96C-0CDA-47F8-94B9-8A862DE131EA}.Debug|iPhoneSimulator.ActiveCfg = Debug|iPhoneSimulator
		{EFCDD96C-0CDA-47F8-94B9-8A862DE131EA}.Debug|iPhoneSimulator.Build.0 = Debug|iPhoneSimulator
		{EFCDD96C-0CDA-47F8-94B9-8A862DE131EA}.Debug|iPhoneSimulator.Deploy.0 = Debug|iPhoneSimulator
		{EFCDD96C-0CDA-47F8-94B9-8A862DE131EA}.Release|Any CPU.ActiveCfg = Release|iPhone
		{EFCDD96C-0CDA-47F8-94B9-8A862DE131EA}.Release|Any CPU.Build.0 = Release|iPhone
		{EFCDD96C-0CDA-47F8-94B9-8A862DE131EA}.Release|Any CPU.Deploy.0 = Release|iPhone
		{EFCDD96C-0CDA-47F8-94B9-8A862DE131EA}.Release|iPhone.ActiveCfg = Release|iPhone
		{EFCDD96C-0CDA-47F8-94B9-8A862DE131EA}.Release|iPhone.Build.0 = Release|iPhone
		{EFCDD96C-0CDA-47F8-94B9-8A862DE131EA}.Release|iPhone.Deploy.0 = Release|iPhone
		{EFCDD96C-0CDA-47F8-94B9-8A862DE131EA}.Release|iPhoneSimulator.ActiveCfg = Release|iPhoneSimulator
		{EFCDD96C-0CDA-47F8-94B9-8A862DE131EA}.Release|iPhoneSimulator.Build.0 = Release|iPhoneSimulator
		{EFCDD96C-0CDA-47F8-94B9-8A862DE131EA}.Release|iPhoneSimulator.Deploy.0 = Release|iPhoneSimulator
		{762C0BB2-E0BF-42C8-B312-9C078461FF6F}.Ad-Hoc|Any CPU.ActiveCfg = Debug|Any CPU
		{762C0BB2-E0BF-42C8-B312-9C078461FF6F}.Ad-Hoc|Any CPU.Build.0 = Debug|Any CPU
		{762C0BB2-E0BF-42C8-B312-9C078461FF6F}.Ad-Hoc|Any CPU.Deploy.0 = Debug|Any CPU
		{762C0BB2-E0BF-42C8-B312-9C078461FF6F}.Ad-Hoc|iPhone.ActiveCfg = Debug|Any CPU
		{762C0BB2-E0BF-42C8-B312-9C078461FF6F}.Ad-Hoc|iPhone.Build.0 = Debug|Any CPU
		{762C0BB2-E0BF-42C8-B312-9C078461FF6F}.Ad-Hoc|iPhone.Deploy.0 = Debug|Any CPU
		{762C0BB2-E0BF-42C8-B312-9C078461FF6F}.Ad-Hoc|iPhoneSimulator.ActiveCfg = Debug|Any CPU
		{762C0BB2-E0BF-42C8-B312-9C078461FF6F}.Ad-Hoc|iPhoneSimulator.Build.0 = Debug|Any CPU
		{762C0BB2-E0BF-42C8-B312-9C078461FF6F}.Ad-Hoc|iPhoneSimulator.Deploy.0 = Debug|Any CPU
		{762C0BB2-E0BF-42C8-B312-9C078461FF6F}.AppStore|Any CPU.ActiveCfg = Debug|Any CPU
		{762C0BB2-E0BF-42C8-B312-9C078461FF6F}.AppStore|Any CPU.Build.0 = Debug|Any CPU
		{762C0BB2-E0BF-42C8-B312-9C078461FF6F}.AppStore|Any CPU.Deploy.0 = Debug|Any CPU
		{762C0BB2-E0BF-42C8-B312-9C078461FF6F}.AppStore|iPhone.ActiveCfg = Debug|Any CPU
		{762C0BB2-E0BF-42C8-B312-9C078461FF6F}.AppStore|iPhone.Build.0 = Debug|Any CPU
		{762C0BB2-E0BF-42C8-B312-9C078461FF6F}.AppStore|iPhone.Deploy.0 = Debug|Any CPU
		{762C0BB2-E0BF-42C8-B312-9C078461FF6F}.AppStore|iPhoneSimulator.ActiveCfg = Debug|Any CPU
		{762C0BB2-E0BF-42C8-B312-9C078461FF6F}.AppStore|iPhoneSimulator.Build.0 = Debug|Any CPU
		{762C0BB2-E0BF-42C8-B312-9C078461FF6F}.AppStore|iPhoneSimulator.Deploy.0 = Debug|Any CPU
		{762C0BB2-E0BF-42C8-B312-9C078461FF6F}.Debug|Any CPU.ActiveCfg = Debug|Any CPU
		{762C0BB2-E0BF-42C8-B312-9C078461FF6F}.Debug|Any CPU.Build.0 = Debug|Any CPU
		{762C0BB2-E0BF-42C8-B312-9C078461FF6F}.Debug|Any CPU.Deploy.0 = Debug|Any CPU
		{762C0BB2-E0BF-42C8-B312-9C078461FF6F}.Debug|iPhone.ActiveCfg = Debug|Any CPU
		{762C0BB2-E0BF-42C8-B312-9C078461FF6F}.Debug|iPhone.Build.0 = Debug|Any CPU
		{762C0BB2-E0BF-42C8-B312-9C078461FF6F}.Debug|iPhone.Deploy.0 = Debug|Any CPU
		{762C0BB2-E0BF-42C8-B312-9C078461FF6F}.Debug|iPhoneSimulator.ActiveCfg = Debug|Any CPU
		{762C0BB2-E0BF-42C8-B312-9C078461FF6F}.Debug|iPhoneSimulator.Build.0 = Debug|Any CPU
		{762C0BB2-E0BF-42C8-B312-9C078461FF6F}.Debug|iPhoneSimulator.Deploy.0 = Debug|Any CPU
		{762C0BB2-E0BF-42C8-B312-9C078461FF6F}.Release|Any CPU.ActiveCfg = Release|Any CPU
		{762C0BB2-E0BF-42C8-B312-9C078461FF6F}.Release|Any CPU.Build.0 = Release|Any CPU
		{762C0BB2-E0BF-42C8-B312-9C078461FF6F}.Release|Any CPU.Deploy.0 = Release|Any CPU
		{762C0BB2-E0BF-42C8-B312-9C078461FF6F}.Release|iPhone.ActiveCfg = Release|Any CPU
		{762C0BB2-E0BF-42C8-B312-9C078461FF6F}.Release|iPhone.Build.0 = Release|Any CPU
		{762C0BB2-E0BF-42C8-B312-9C078461FF6F}.Release|iPhone.Deploy.0 = Release|Any CPU
		{762C0BB2-E0BF-42C8-B312-9C078461FF6F}.Release|iPhoneSimulator.ActiveCfg = Release|Any CPU
		{762C0BB2-E0BF-42C8-B312-9C078461FF6F}.Release|iPhoneSimulator.Build.0 = Release|Any CPU
		{762C0BB2-E0BF-42C8-B312-9C078461FF6F}.Release|iPhoneSimulator.Deploy.0 = Release|Any CPU
	EndGlobalSection
	GlobalSection(SolutionProperties) = preSolution
		HideSolutionNode = FALSE
	EndGlobalSection
	GlobalSection(ExtensibilityGlobals) = postSolution
		SolutionGuid = {AE93BA13-76E6-4959-AB17-531679C1056D}
	EndGlobalSection
EndGlobal
